
Microsoft Visual Studio Solution File, Format Version 12.00
# Visual Studio Version 16
VisualStudioVersion = 16.0.30114.105
MinimumVisualStudioVersion = 10.0.40219.1
Project("{2150E333-8FDC-42A3-9474-1A3956D46DE8}") = "apps", "apps", "{25311259-92CF-4AA0-85FD-E7FE3579BBDA}"
EndProject
Project("{FAE04EC0-301F-11D3-BF4B-00C04F79EFBC}") = "Tatuaz.Gateway", "apps\Tatuaz.Gateway\Tatuaz.Gateway.csproj", "{37CC9BB0-DEB1-4DAE-AA33-9B20C716D50E}"
EndProject
Project("{FAE04EC0-301F-11D3-BF4B-00C04F79EFBC}") = "Tatuaz.Gateway.Test", "apps\Tatuaz.Gateway.Test\Tatuaz.Gateway.Test.csproj", "{CF70446A-D1A1-49B8-A207-51A53EB6FECD}"
EndProject
Project("{2150E333-8FDC-42A3-9474-1A3956D46DE8}") = "libs", "libs", "{AD862DF1-C558-4DEA-88FB-6AA571991180}"
EndProject
Project("{FAE04EC0-301F-11D3-BF4B-00C04F79EFBC}") = "Tatuaz.Shared.Infrastructure", "libs\Tatuaz.Shared.Infrastructure\Tatuaz.Shared.Infrastructure.csproj", "{F2B18335-5186-425A-AA82-8BFBF71D3BE2}"
EndProject
Project("{FAE04EC0-301F-11D3-BF4B-00C04F79EFBC}") = "Tatuaz.Shared.Infrastructure.Test", "libs\Tatuaz.Shared.Infrastructure.Test\Tatuaz.Shared.Infrastructure.Test.csproj", "{EC3E3A57-3D58-4669-BAB1-3CAF0EF93EF1}"
EndProject
Project("{FAE04EC0-301F-11D3-BF4B-00C04F79EFBC}") = "Tatuaz.Shared.Infrastructure.Abstractions", "libs\Tatuaz.Shared.Infrastructure.Abstractions\Tatuaz.Shared.Infrastructure.Abstractions.csproj", "{C7E0142D-6C12-48A0-A82A-710022CB2750}"
EndProject
Project("{FAE04EC0-301F-11D3-BF4B-00C04F79EFBC}") = "Tatuaz.Shared.Domain.Entities", "libs\Tatuaz.Shared.Domain.Entities\Tatuaz.Shared.Domain.Entities.csproj", "{DDC60FB3-5B6E-4E2D-AF36-D3D8A5C6E9C8}"
EndProject
Project("{FAE04EC0-301F-11D3-BF4B-00C04F79EFBC}") = "Tatuaz.Shared.Domain.Entities.Test", "libs\Tatuaz.Shared.Domain.Entities.Test\Tatuaz.Shared.Domain.Entities.Test.csproj", "{98EC992E-9541-4049-B83E-4F20B8A10632}"
EndProject
Project("{FAE04EC0-301F-11D3-BF4B-00C04F79EFBC}") = "Tatuaz.Shared.Domain.Entities.Hist", "libs\Tatuaz.Shared.Domain.Entities.Hist\Tatuaz.Shared.Domain.Entities.Hist.csproj", "{5E9D7D78-CC90-45F2-B77D-61EBF75E4EF9}"
EndProject
Project("{FAE04EC0-301F-11D3-BF4B-00C04F79EFBC}") = "Tatuaz.Testing.Helpers", "libs\Tatuaz.Testing.Helpers\Tatuaz.Testing.Helpers.csproj", "{2517F937-F5ED-471B-A53A-5EC3B2A7DE03}"
EndProject
Project("{FAE04EC0-301F-11D3-BF4B-00C04F79EFBC}") = "Tatuaz.History", "apps\Tatuaz.History\Tatuaz.History.csproj", "{58CB192A-6531-4BAD-8F5D-40E144812299}"
EndProject
Project("{FAE04EC0-301F-11D3-BF4B-00C04F79EFBC}") = "Tatuaz.History.Test", "apps\Tatuaz.History.Test\Tatuaz.History.Test.csproj", "{9FA65BE1-83C8-4D4A-8E5E-560246951BBB}"
EndProject
Project("{FAE04EC0-301F-11D3-BF4B-00C04F79EFBC}") = "Tatuaz.History.Queue", "libs\Tatuaz.History.Queue\Tatuaz.History.Queue.csproj", "{36AB9363-BD44-41E9-856E-0813A4CFED46}"
EndProject
Project("{FAE04EC0-301F-11D3-BF4B-00C04F79EFBC}") = "Tatuaz.History.Queue.Test", "libs\Tatuaz.History.Queue.Test\Tatuaz.History.Queue.Test.csproj", "{82A9D33E-22D0-4694-BFD8-C79B9C3F4145}"
EndProject
Project("{FAE04EC0-301F-11D3-BF4B-00C04F79EFBC}") = "Tatuaz.Convention.Test", "libs\Tatuaz.Convention.Test\Tatuaz.Convention.Test.csproj", "{65B6F123-4D12-4731-9926-C728686886BD}"
EndProject
Project("{FAE04EC0-301F-11D3-BF4B-00C04F79EFBC}") = "Tatuaz.Testing.Mocks", "libs\Tatuaz.Testing.Mocks\Tatuaz.Testing.Mocks.csproj", "{5F9BD548-E766-4609-9FCB-098E597E7248}"
EndProject
Project("{FAE04EC0-301F-11D3-BF4B-00C04F79EFBC}") = "Tatuaz.History.Infrastructure", "libs\Tatuaz.History.Infrastructure\Tatuaz.History.Infrastructure.csproj", "{AC3F9B61-B454-4976-8327-99B2DAE52BF9}"
EndProject
Project("{FAE04EC0-301F-11D3-BF4B-00C04F79EFBC}") = "Tatuaz.History.Infrastructure.Test", "libs\Tatuaz.History.Infrastructure.Test\Tatuaz.History.Infrastructure.Test.csproj", "{58C7634C-A1F9-4350-A05F-2D69FC3D3428}"
EndProject
Project("{FAE04EC0-301F-11D3-BF4B-00C04F79EFBC}") = "Tatuaz.Shared.Helpers", "libs\Tatuaz.Shared.Helpers\Tatuaz.Shared.Helpers.csproj", "{501DA862-4458-4278-AF5A-719ADA61AC22}"
EndProject
Project("{FAE04EC0-301F-11D3-BF4B-00C04F79EFBC}") = "Tatuaz.Shared.Domain.Entities.Fakers", "libs\Tatuaz.Shared.Domain.Entities.Fakers\Tatuaz.Shared.Domain.Entities.Fakers.csproj", "{7657E1C8-A3A5-4F02-ADCB-D4D58C9A249E}"
EndProject
Project("{FAE04EC0-301F-11D3-BF4B-00C04F79EFBC}") = "Tatuaz.Shared.Domain.Entities.Hist.Fakers", "libs\Tatuaz.Shared.Domain.Entities.Hist.Fakers\Tatuaz.Shared.Domain.Entities.Hist.Fakers.csproj", "{9BCB96BD-5C1F-41F8-B530-A0865F0A3D2B}"
EndProject
Project("{FAE04EC0-301F-11D3-BF4B-00C04F79EFBC}") = "Tatuaz.Shared.Pipeline", "libs\Tatuaz.Shared.Pipeline\Tatuaz.Shared.Pipeline.csproj", "{517D1D26-B132-4552-A7A8-7BB69651AB6F}"
EndProject
Project("{FAE04EC0-301F-11D3-BF4B-00C04F79EFBC}") = "Tatuaz.Shared.Pipeline.Test", "libs\Tatuaz.Shared.Pipeline.Test\Tatuaz.Shared.Pipeline.Test.csproj", "{EF605A4D-452A-4AB6-BC68-78F926394903}"
EndProject
Project("{FAE04EC0-301F-11D3-BF4B-00C04F79EFBC}") = "Tatuaz.Gateway.Handlers", "libs\Tatuaz.Gateway.Handlers\Tatuaz.Gateway.Handlers.csproj", "{E39404A1-602B-424E-9C60-2AC1B5736044}"
EndProject
Project("{FAE04EC0-301F-11D3-BF4B-00C04F79EFBC}") = "Tatuaz.Gateway.Handlers.Test", "libs\Tatuaz.Gateway.Handlers.Test\Tatuaz.Gateway.Handlers.Test.csproj", "{580E7899-9731-43DC-9778-10451940393D}"
EndProject
Project("{FAE04EC0-301F-11D3-BF4B-00C04F79EFBC}") = "Tatuaz.Gateway.Requests", "libs\Tatuaz.Gateway.Requests\Tatuaz.Gateway.Requests.csproj", "{A7C6A9AA-985F-4C61-B251-F6C670D797CA}"
EndProject
Project("{FAE04EC0-301F-11D3-BF4B-00C04F79EFBC}") = "Tatuaz.Gateway.Requests.Test", "libs\Tatuaz.Gateway.Requests.Test\Tatuaz.Gateway.Requests.Test.csproj", "{7134F2C5-36F6-4183-9427-9483A9EC08F3}"
EndProject
Project("{FAE04EC0-301F-11D3-BF4B-00C04F79EFBC}") = "Tatuaz.Gateway.Infrastructure", "libs\Tatuaz.Gateway.Infrastructure\Tatuaz.Gateway.Infrastructure.csproj", "{E1237EAC-CCA4-4164-8F53-5DC72FD95D3B}"
EndProject
Project("{FAE04EC0-301F-11D3-BF4B-00C04F79EFBC}") = "Tatuaz.Gateway.Infrastructure.Test", "libs\Tatuaz.Gateway.Infrastructure.Test\Tatuaz.Gateway.Infrastructure.Test.csproj", "{A17DA566-4FF0-4848-8ABD-0AF57367C877}"
EndProject
Project("{FAE04EC0-301F-11D3-BF4B-00C04F79EFBC}") = "Tatuaz.Shared.Domain.Dtos", "libs\Tatuaz.Shared.Domain.Dtos\Tatuaz.Shared.Domain.Dtos.csproj", "{BB65C5C5-919D-4756-80DE-558769229225}"
EndProject
Project("{FAE04EC0-301F-11D3-BF4B-00C04F79EFBC}") = "Tatuaz.Shared.Domain.Dtos.Test", "libs\Tatuaz.Shared.Domain.Dtos.Test\Tatuaz.Shared.Domain.Dtos.Test.csproj", "{53463D05-0E49-45BB-AB19-CBBC6AA96251}"
EndProject
Project("{FAE04EC0-301F-11D3-BF4B-00C04F79EFBC}") = "Tatuaz.Shared.Domain.Dtos.Hist", "libs\Tatuaz.Shared.Domain.Dtos.Hist\Tatuaz.Shared.Domain.Dtos.Hist.csproj", "{90C47A09-8DC4-4029-8D48-FEED3F6FEBD0}"
EndProject
Project("{FAE04EC0-301F-11D3-BF4B-00C04F79EFBC}") = "Tatuaz.Shared.Domain.Dtos.Hist.Test", "libs\Tatuaz.Shared.Domain.Dtos.Hist.Test\Tatuaz.Shared.Domain.Dtos.Hist.Test.csproj", "{F887E99B-389C-4685-B741-1167E57F506F}"
EndProject
Project("{FAE04EC0-301F-11D3-BF4B-00C04F79EFBC}") = "Tatuaz.Shared.Domain.Dtos.Fakers", "libs\Tatuaz.Shared.Domain.Dtos.Fakers\Tatuaz.Shared.Domain.Dtos.Fakers.csproj", "{A68D027B-BDC6-4E21-8E01-9F4F87E11915}"
EndProject
Project("{FAE04EC0-301F-11D3-BF4B-00C04F79EFBC}") = "Tatuaz.Shared.Domain.Dtos.Hist.Fakers", "libs\Tatuaz.Shared.Domain.Dtos.Hist.Fakers\Tatuaz.Shared.Domain.Dtos.Hist.Fakers.csproj", "{6F887F60-61D9-4A35-A9D8-FBF1185CA332}"
EndProject
Global
	GlobalSection(SolutionConfigurationPlatforms) = preSolution
		Debug|Any CPU = Debug|Any CPU
		Release|Any CPU = Release|Any CPU
	EndGlobalSection
	GlobalSection(SolutionProperties) = preSolution
		HideSolutionNode = FALSE
	EndGlobalSection
	GlobalSection(ProjectConfigurationPlatforms) = postSolution
		{37CC9BB0-DEB1-4DAE-AA33-9B20C716D50E}.Debug|Any CPU.ActiveCfg = Debug|Any CPU
		{37CC9BB0-DEB1-4DAE-AA33-9B20C716D50E}.Debug|Any CPU.Build.0 = Debug|Any CPU
		{37CC9BB0-DEB1-4DAE-AA33-9B20C716D50E}.Release|Any CPU.ActiveCfg = Release|Any CPU
		{37CC9BB0-DEB1-4DAE-AA33-9B20C716D50E}.Release|Any CPU.Build.0 = Release|Any CPU
		{CF70446A-D1A1-49B8-A207-51A53EB6FECD}.Debug|Any CPU.ActiveCfg = Debug|Any CPU
		{CF70446A-D1A1-49B8-A207-51A53EB6FECD}.Debug|Any CPU.Build.0 = Debug|Any CPU
		{CF70446A-D1A1-49B8-A207-51A53EB6FECD}.Release|Any CPU.ActiveCfg = Release|Any CPU
		{CF70446A-D1A1-49B8-A207-51A53EB6FECD}.Release|Any CPU.Build.0 = Release|Any CPU
		{F2B18335-5186-425A-AA82-8BFBF71D3BE2}.Debug|Any CPU.ActiveCfg = Debug|Any CPU
		{F2B18335-5186-425A-AA82-8BFBF71D3BE2}.Debug|Any CPU.Build.0 = Debug|Any CPU
		{F2B18335-5186-425A-AA82-8BFBF71D3BE2}.Release|Any CPU.ActiveCfg = Release|Any CPU
		{F2B18335-5186-425A-AA82-8BFBF71D3BE2}.Release|Any CPU.Build.0 = Release|Any CPU
		{EC3E3A57-3D58-4669-BAB1-3CAF0EF93EF1}.Debug|Any CPU.ActiveCfg = Debug|Any CPU
		{EC3E3A57-3D58-4669-BAB1-3CAF0EF93EF1}.Debug|Any CPU.Build.0 = Debug|Any CPU
		{EC3E3A57-3D58-4669-BAB1-3CAF0EF93EF1}.Release|Any CPU.ActiveCfg = Release|Any CPU
		{EC3E3A57-3D58-4669-BAB1-3CAF0EF93EF1}.Release|Any CPU.Build.0 = Release|Any CPU
		{C7E0142D-6C12-48A0-A82A-710022CB2750}.Debug|Any CPU.ActiveCfg = Debug|Any CPU
		{C7E0142D-6C12-48A0-A82A-710022CB2750}.Debug|Any CPU.Build.0 = Debug|Any CPU
		{C7E0142D-6C12-48A0-A82A-710022CB2750}.Release|Any CPU.ActiveCfg = Release|Any CPU
		{C7E0142D-6C12-48A0-A82A-710022CB2750}.Release|Any CPU.Build.0 = Release|Any CPU
		{DDC60FB3-5B6E-4E2D-AF36-D3D8A5C6E9C8}.Debug|Any CPU.ActiveCfg = Debug|Any CPU
		{DDC60FB3-5B6E-4E2D-AF36-D3D8A5C6E9C8}.Debug|Any CPU.Build.0 = Debug|Any CPU
		{DDC60FB3-5B6E-4E2D-AF36-D3D8A5C6E9C8}.Release|Any CPU.ActiveCfg = Release|Any CPU
		{DDC60FB3-5B6E-4E2D-AF36-D3D8A5C6E9C8}.Release|Any CPU.Build.0 = Release|Any CPU
		{5E9D7D78-CC90-45F2-B77D-61EBF75E4EF9}.Debug|Any CPU.ActiveCfg = Debug|Any CPU
		{5E9D7D78-CC90-45F2-B77D-61EBF75E4EF9}.Debug|Any CPU.Build.0 = Debug|Any CPU
		{5E9D7D78-CC90-45F2-B77D-61EBF75E4EF9}.Release|Any CPU.ActiveCfg = Release|Any CPU
		{5E9D7D78-CC90-45F2-B77D-61EBF75E4EF9}.Release|Any CPU.Build.0 = Release|Any CPU
		{98EC992E-9541-4049-B83E-4F20B8A10632}.Debug|Any CPU.ActiveCfg = Debug|Any CPU
		{98EC992E-9541-4049-B83E-4F20B8A10632}.Debug|Any CPU.Build.0 = Debug|Any CPU
		{98EC992E-9541-4049-B83E-4F20B8A10632}.Release|Any CPU.ActiveCfg = Release|Any CPU
		{98EC992E-9541-4049-B83E-4F20B8A10632}.Release|Any CPU.Build.0 = Release|Any CPU
		{2517F937-F5ED-471B-A53A-5EC3B2A7DE03}.Debug|Any CPU.ActiveCfg = Debug|Any CPU
		{2517F937-F5ED-471B-A53A-5EC3B2A7DE03}.Debug|Any CPU.Build.0 = Debug|Any CPU
		{2517F937-F5ED-471B-A53A-5EC3B2A7DE03}.Release|Any CPU.ActiveCfg = Release|Any CPU
		{2517F937-F5ED-471B-A53A-5EC3B2A7DE03}.Release|Any CPU.Build.0 = Release|Any CPU
		{58CB192A-6531-4BAD-8F5D-40E144812299}.Debug|Any CPU.ActiveCfg = Debug|Any CPU
		{58CB192A-6531-4BAD-8F5D-40E144812299}.Debug|Any CPU.Build.0 = Debug|Any CPU
		{58CB192A-6531-4BAD-8F5D-40E144812299}.Release|Any CPU.ActiveCfg = Release|Any CPU
		{58CB192A-6531-4BAD-8F5D-40E144812299}.Release|Any CPU.Build.0 = Release|Any CPU
		{9FA65BE1-83C8-4D4A-8E5E-560246951BBB}.Debug|Any CPU.ActiveCfg = Debug|Any CPU
		{9FA65BE1-83C8-4D4A-8E5E-560246951BBB}.Debug|Any CPU.Build.0 = Debug|Any CPU
		{9FA65BE1-83C8-4D4A-8E5E-560246951BBB}.Release|Any CPU.ActiveCfg = Release|Any CPU
		{9FA65BE1-83C8-4D4A-8E5E-560246951BBB}.Release|Any CPU.Build.0 = Release|Any CPU
		{36AB9363-BD44-41E9-856E-0813A4CFED46}.Debug|Any CPU.ActiveCfg = Debug|Any CPU
		{36AB9363-BD44-41E9-856E-0813A4CFED46}.Debug|Any CPU.Build.0 = Debug|Any CPU
		{36AB9363-BD44-41E9-856E-0813A4CFED46}.Release|Any CPU.ActiveCfg = Release|Any CPU
		{36AB9363-BD44-41E9-856E-0813A4CFED46}.Release|Any CPU.Build.0 = Release|Any CPU
		{82A9D33E-22D0-4694-BFD8-C79B9C3F4145}.Debug|Any CPU.ActiveCfg = Debug|Any CPU
		{82A9D33E-22D0-4694-BFD8-C79B9C3F4145}.Debug|Any CPU.Build.0 = Debug|Any CPU
		{82A9D33E-22D0-4694-BFD8-C79B9C3F4145}.Release|Any CPU.ActiveCfg = Release|Any CPU
		{82A9D33E-22D0-4694-BFD8-C79B9C3F4145}.Release|Any CPU.Build.0 = Release|Any CPU
		{65B6F123-4D12-4731-9926-C728686886BD}.Debug|Any CPU.ActiveCfg = Debug|Any CPU
		{65B6F123-4D12-4731-9926-C728686886BD}.Debug|Any CPU.Build.0 = Debug|Any CPU
		{65B6F123-4D12-4731-9926-C728686886BD}.Release|Any CPU.ActiveCfg = Release|Any CPU
		{65B6F123-4D12-4731-9926-C728686886BD}.Release|Any CPU.Build.0 = Release|Any CPU
		{5F9BD548-E766-4609-9FCB-098E597E7248}.Debug|Any CPU.ActiveCfg = Debug|Any CPU
		{5F9BD548-E766-4609-9FCB-098E597E7248}.Debug|Any CPU.Build.0 = Debug|Any CPU
		{5F9BD548-E766-4609-9FCB-098E597E7248}.Release|Any CPU.ActiveCfg = Release|Any CPU
		{5F9BD548-E766-4609-9FCB-098E597E7248}.Release|Any CPU.Build.0 = Release|Any CPU
		{AC3F9B61-B454-4976-8327-99B2DAE52BF9}.Debug|Any CPU.ActiveCfg = Debug|Any CPU
		{AC3F9B61-B454-4976-8327-99B2DAE52BF9}.Debug|Any CPU.Build.0 = Debug|Any CPU
		{AC3F9B61-B454-4976-8327-99B2DAE52BF9}.Release|Any CPU.ActiveCfg = Release|Any CPU
		{AC3F9B61-B454-4976-8327-99B2DAE52BF9}.Release|Any CPU.Build.0 = Release|Any CPU
		{58C7634C-A1F9-4350-A05F-2D69FC3D3428}.Debug|Any CPU.ActiveCfg = Debug|Any CPU
		{58C7634C-A1F9-4350-A05F-2D69FC3D3428}.Debug|Any CPU.Build.0 = Debug|Any CPU
		{58C7634C-A1F9-4350-A05F-2D69FC3D3428}.Release|Any CPU.ActiveCfg = Release|Any CPU
		{58C7634C-A1F9-4350-A05F-2D69FC3D3428}.Release|Any CPU.Build.0 = Release|Any CPU
		{501DA862-4458-4278-AF5A-719ADA61AC22}.Debug|Any CPU.ActiveCfg = Debug|Any CPU
		{501DA862-4458-4278-AF5A-719ADA61AC22}.Debug|Any CPU.Build.0 = Debug|Any CPU
		{501DA862-4458-4278-AF5A-719ADA61AC22}.Release|Any CPU.ActiveCfg = Release|Any CPU
		{501DA862-4458-4278-AF5A-719ADA61AC22}.Release|Any CPU.Build.0 = Release|Any CPU
		{7657E1C8-A3A5-4F02-ADCB-D4D58C9A249E}.Debug|Any CPU.ActiveCfg = Debug|Any CPU
		{7657E1C8-A3A5-4F02-ADCB-D4D58C9A249E}.Debug|Any CPU.Build.0 = Debug|Any CPU
		{7657E1C8-A3A5-4F02-ADCB-D4D58C9A249E}.Release|Any CPU.ActiveCfg = Release|Any CPU
		{7657E1C8-A3A5-4F02-ADCB-D4D58C9A249E}.Release|Any CPU.Build.0 = Release|Any CPU
		{9BCB96BD-5C1F-41F8-B530-A0865F0A3D2B}.Debug|Any CPU.ActiveCfg = Debug|Any CPU
		{9BCB96BD-5C1F-41F8-B530-A0865F0A3D2B}.Debug|Any CPU.Build.0 = Debug|Any CPU
		{9BCB96BD-5C1F-41F8-B530-A0865F0A3D2B}.Release|Any CPU.ActiveCfg = Release|Any CPU
		{9BCB96BD-5C1F-41F8-B530-A0865F0A3D2B}.Release|Any CPU.Build.0 = Release|Any CPU
		{517D1D26-B132-4552-A7A8-7BB69651AB6F}.Debug|Any CPU.ActiveCfg = Debug|Any CPU
		{517D1D26-B132-4552-A7A8-7BB69651AB6F}.Debug|Any CPU.Build.0 = Debug|Any CPU
		{517D1D26-B132-4552-A7A8-7BB69651AB6F}.Release|Any CPU.ActiveCfg = Release|Any CPU
		{517D1D26-B132-4552-A7A8-7BB69651AB6F}.Release|Any CPU.Build.0 = Release|Any CPU
		{EF605A4D-452A-4AB6-BC68-78F926394903}.Debug|Any CPU.ActiveCfg = Debug|Any CPU
		{EF605A4D-452A-4AB6-BC68-78F926394903}.Debug|Any CPU.Build.0 = Debug|Any CPU
		{EF605A4D-452A-4AB6-BC68-78F926394903}.Release|Any CPU.ActiveCfg = Release|Any CPU
		{EF605A4D-452A-4AB6-BC68-78F926394903}.Release|Any CPU.Build.0 = Release|Any CPU
		{E39404A1-602B-424E-9C60-2AC1B5736044}.Debug|Any CPU.ActiveCfg = Debug|Any CPU
		{E39404A1-602B-424E-9C60-2AC1B5736044}.Debug|Any CPU.Build.0 = Debug|Any CPU
		{E39404A1-602B-424E-9C60-2AC1B5736044}.Release|Any CPU.ActiveCfg = Release|Any CPU
		{E39404A1-602B-424E-9C60-2AC1B5736044}.Release|Any CPU.Build.0 = Release|Any CPU
		{580E7899-9731-43DC-9778-10451940393D}.Debug|Any CPU.ActiveCfg = Debug|Any CPU
		{580E7899-9731-43DC-9778-10451940393D}.Debug|Any CPU.Build.0 = Debug|Any CPU
		{580E7899-9731-43DC-9778-10451940393D}.Release|Any CPU.ActiveCfg = Release|Any CPU
		{580E7899-9731-43DC-9778-10451940393D}.Release|Any CPU.Build.0 = Release|Any CPU
		{A7C6A9AA-985F-4C61-B251-F6C670D797CA}.Debug|Any CPU.ActiveCfg = Debug|Any CPU
		{A7C6A9AA-985F-4C61-B251-F6C670D797CA}.Debug|Any CPU.Build.0 = Debug|Any CPU
		{A7C6A9AA-985F-4C61-B251-F6C670D797CA}.Release|Any CPU.ActiveCfg = Release|Any CPU
		{A7C6A9AA-985F-4C61-B251-F6C670D797CA}.Release|Any CPU.Build.0 = Release|Any CPU
		{7134F2C5-36F6-4183-9427-9483A9EC08F3}.Debug|Any CPU.ActiveCfg = Debug|Any CPU
		{7134F2C5-36F6-4183-9427-9483A9EC08F3}.Debug|Any CPU.Build.0 = Debug|Any CPU
		{7134F2C5-36F6-4183-9427-9483A9EC08F3}.Release|Any CPU.ActiveCfg = Release|Any CPU
		{7134F2C5-36F6-4183-9427-9483A9EC08F3}.Release|Any CPU.Build.0 = Release|Any CPU
		{E1237EAC-CCA4-4164-8F53-5DC72FD95D3B}.Debug|Any CPU.ActiveCfg = Debug|Any CPU
		{E1237EAC-CCA4-4164-8F53-5DC72FD95D3B}.Debug|Any CPU.Build.0 = Debug|Any CPU
		{E1237EAC-CCA4-4164-8F53-5DC72FD95D3B}.Release|Any CPU.ActiveCfg = Release|Any CPU
		{E1237EAC-CCA4-4164-8F53-5DC72FD95D3B}.Release|Any CPU.Build.0 = Release|Any CPU
		{A17DA566-4FF0-4848-8ABD-0AF57367C877}.Debug|Any CPU.ActiveCfg = Debug|Any CPU
		{A17DA566-4FF0-4848-8ABD-0AF57367C877}.Debug|Any CPU.Build.0 = Debug|Any CPU
		{A17DA566-4FF0-4848-8ABD-0AF57367C877}.Release|Any CPU.ActiveCfg = Release|Any CPU
		{A17DA566-4FF0-4848-8ABD-0AF57367C877}.Release|Any CPU.Build.0 = Release|Any CPU
		{BB65C5C5-919D-4756-80DE-558769229225}.Debug|Any CPU.ActiveCfg = Debug|Any CPU
		{BB65C5C5-919D-4756-80DE-558769229225}.Debug|Any CPU.Build.0 = Debug|Any CPU
		{BB65C5C5-919D-4756-80DE-558769229225}.Release|Any CPU.ActiveCfg = Release|Any CPU
		{BB65C5C5-919D-4756-80DE-558769229225}.Release|Any CPU.Build.0 = Release|Any CPU
		{53463D05-0E49-45BB-AB19-CBBC6AA96251}.Debug|Any CPU.ActiveCfg = Debug|Any CPU
		{53463D05-0E49-45BB-AB19-CBBC6AA96251}.Debug|Any CPU.Build.0 = Debug|Any CPU
		{53463D05-0E49-45BB-AB19-CBBC6AA96251}.Release|Any CPU.ActiveCfg = Release|Any CPU
		{53463D05-0E49-45BB-AB19-CBBC6AA96251}.Release|Any CPU.Build.0 = Release|Any CPU
		{90C47A09-8DC4-4029-8D48-FEED3F6FEBD0}.Debug|Any CPU.ActiveCfg = Debug|Any CPU
		{90C47A09-8DC4-4029-8D48-FEED3F6FEBD0}.Debug|Any CPU.Build.0 = Debug|Any CPU
		{90C47A09-8DC4-4029-8D48-FEED3F6FEBD0}.Release|Any CPU.ActiveCfg = Release|Any CPU
		{90C47A09-8DC4-4029-8D48-FEED3F6FEBD0}.Release|Any CPU.Build.0 = Release|Any CPU
		{F887E99B-389C-4685-B741-1167E57F506F}.Debug|Any CPU.ActiveCfg = Debug|Any CPU
		{F887E99B-389C-4685-B741-1167E57F506F}.Debug|Any CPU.Build.0 = Debug|Any CPU
		{F887E99B-389C-4685-B741-1167E57F506F}.Release|Any CPU.ActiveCfg = Release|Any CPU
		{F887E99B-389C-4685-B741-1167E57F506F}.Release|Any CPU.Build.0 = Release|Any CPU
		{A68D027B-BDC6-4E21-8E01-9F4F87E11915}.Debug|Any CPU.ActiveCfg = Debug|Any CPU
		{A68D027B-BDC6-4E21-8E01-9F4F87E11915}.Debug|Any CPU.Build.0 = Debug|Any CPU
		{A68D027B-BDC6-4E21-8E01-9F4F87E11915}.Release|Any CPU.ActiveCfg = Release|Any CPU
		{A68D027B-BDC6-4E21-8E01-9F4F87E11915}.Release|Any CPU.Build.0 = Release|Any CPU
		{6F887F60-61D9-4A35-A9D8-FBF1185CA332}.Debug|Any CPU.ActiveCfg = Debug|Any CPU
		{6F887F60-61D9-4A35-A9D8-FBF1185CA332}.Debug|Any CPU.Build.0 = Debug|Any CPU
		{6F887F60-61D9-4A35-A9D8-FBF1185CA332}.Release|Any CPU.ActiveCfg = Release|Any CPU
		{6F887F60-61D9-4A35-A9D8-FBF1185CA332}.Release|Any CPU.Build.0 = Release|Any CPU
	EndGlobalSection
	GlobalSection(NestedProjects) = preSolution
		{37CC9BB0-DEB1-4DAE-AA33-9B20C716D50E} = {25311259-92CF-4AA0-85FD-E7FE3579BBDA}
		{CF70446A-D1A1-49B8-A207-51A53EB6FECD} = {25311259-92CF-4AA0-85FD-E7FE3579BBDA}
		{2517F937-F5ED-471B-A53A-5EC3B2A7DE03} = {AD862DF1-C558-4DEA-88FB-6AA571991180}
		{DDC60FB3-5B6E-4E2D-AF36-D3D8A5C6E9C8} = {AD862DF1-C558-4DEA-88FB-6AA571991180}
		{5E9D7D78-CC90-45F2-B77D-61EBF75E4EF9} = {AD862DF1-C558-4DEA-88FB-6AA571991180}
		{98EC992E-9541-4049-B83E-4F20B8A10632} = {AD862DF1-C558-4DEA-88FB-6AA571991180}
		{F2B18335-5186-425A-AA82-8BFBF71D3BE2} = {AD862DF1-C558-4DEA-88FB-6AA571991180}
		{C7E0142D-6C12-48A0-A82A-710022CB2750} = {AD862DF1-C558-4DEA-88FB-6AA571991180}
		{EC3E3A57-3D58-4669-BAB1-3CAF0EF93EF1} = {AD862DF1-C558-4DEA-88FB-6AA571991180}
		{58CB192A-6531-4BAD-8F5D-40E144812299} = {25311259-92CF-4AA0-85FD-E7FE3579BBDA}
		{9FA65BE1-83C8-4D4A-8E5E-560246951BBB} = {25311259-92CF-4AA0-85FD-E7FE3579BBDA}
		{36AB9363-BD44-41E9-856E-0813A4CFED46} = {AD862DF1-C558-4DEA-88FB-6AA571991180}
		{82A9D33E-22D0-4694-BFD8-C79B9C3F4145} = {AD862DF1-C558-4DEA-88FB-6AA571991180}
		{65B6F123-4D12-4731-9926-C728686886BD} = {AD862DF1-C558-4DEA-88FB-6AA571991180}
		{5F9BD548-E766-4609-9FCB-098E597E7248} = {AD862DF1-C558-4DEA-88FB-6AA571991180}
		{AC3F9B61-B454-4976-8327-99B2DAE52BF9} = {AD862DF1-C558-4DEA-88FB-6AA571991180}
		{58C7634C-A1F9-4350-A05F-2D69FC3D3428} = {AD862DF1-C558-4DEA-88FB-6AA571991180}
		{501DA862-4458-4278-AF5A-719ADA61AC22} = {AD862DF1-C558-4DEA-88FB-6AA571991180}
		{7657E1C8-A3A5-4F02-ADCB-D4D58C9A249E} = {AD862DF1-C558-4DEA-88FB-6AA571991180}
		{9BCB96BD-5C1F-41F8-B530-A0865F0A3D2B} = {AD862DF1-C558-4DEA-88FB-6AA571991180}
		{517D1D26-B132-4552-A7A8-7BB69651AB6F} = {AD862DF1-C558-4DEA-88FB-6AA571991180}
		{EF605A4D-452A-4AB6-BC68-78F926394903} = {AD862DF1-C558-4DEA-88FB-6AA571991180}
		{E39404A1-602B-424E-9C60-2AC1B5736044} = {AD862DF1-C558-4DEA-88FB-6AA571991180}
		{580E7899-9731-43DC-9778-10451940393D} = {AD862DF1-C558-4DEA-88FB-6AA571991180}
		{A7C6A9AA-985F-4C61-B251-F6C670D797CA} = {AD862DF1-C558-4DEA-88FB-6AA571991180}
		{7134F2C5-36F6-4183-9427-9483A9EC08F3} = {AD862DF1-C558-4DEA-88FB-6AA571991180}
		{E1237EAC-CCA4-4164-8F53-5DC72FD95D3B} = {AD862DF1-C558-4DEA-88FB-6AA571991180}
		{A17DA566-4FF0-4848-8ABD-0AF57367C877} = {AD862DF1-C558-4DEA-88FB-6AA571991180}
		{BB65C5C5-919D-4756-80DE-558769229225} = {AD862DF1-C558-4DEA-88FB-6AA571991180}
		{53463D05-0E49-45BB-AB19-CBBC6AA96251} = {AD862DF1-C558-4DEA-88FB-6AA571991180}
		{90C47A09-8DC4-4029-8D48-FEED3F6FEBD0} = {AD862DF1-C558-4DEA-88FB-6AA571991180}
		{F887E99B-389C-4685-B741-1167E57F506F} = {AD862DF1-C558-4DEA-88FB-6AA571991180}
		{A68D027B-BDC6-4E21-8E01-9F4F87E11915} = {AD862DF1-C558-4DEA-88FB-6AA571991180}
		{6F887F60-61D9-4A35-A9D8-FBF1185CA332} = {AD862DF1-C558-4DEA-88FB-6AA571991180}
	EndGlobalSection
EndGlobal
