
Microsoft Visual Studio Solution File, Format Version 12.00
# Visual Studio Version 16
VisualStudioVersion = 16.0.30114.105
MinimumVisualStudioVersion = 10.0.40219.1
Project("{2150E333-8FDC-42A3-9474-1A3956D46DE8}") = "apps", "apps", "{25311259-92CF-4AA0-85FD-E7FE3579BBDA}"
EndProject
Project("{FAE04EC0-301F-11D3-BF4B-00C04F79EFBC}") = "Tatuaz.Gateway", "apps\Tatuaz.Gateway\Tatuaz.Gateway.csproj", "{37CC9BB0-DEB1-4DAE-AA33-9B20C716D50E}"
EndProject
Project("{FAE04EC0-301F-11D3-BF4B-00C04F79EFBC}") = "Tatuaz.Gateway.Test", "apps\Tatuaz.Gateway.Test\Tatuaz.Gateway.Test.csproj", "{CF70446A-D1A1-49B8-A207-51A53EB6FECD}"
EndProject
Project("{2150E333-8FDC-42A3-9474-1A3956D46DE8}") = "libs", "libs", "{AD862DF1-C558-4DEA-88FB-6AA571991180}"
EndProject
Project("{FAE04EC0-301F-11D3-BF4B-00C04F79EFBC}") = "Tatuaz.Shared.Infrastructure", "libs\Tatuaz.Shared.Infrastructure\Tatuaz.Shared.Infrastructure.csproj", "{F2B18335-5186-425A-AA82-8BFBF71D3BE2}"
EndProject
Project("{FAE04EC0-301F-11D3-BF4B-00C04F79EFBC}") = "Tatuaz.Shared.Infrastructure.Test", "libs\Tatuaz.Shared.Infrastructure.Test\Tatuaz.Shared.Infrastructure.Test.csproj", "{EC3E3A57-3D58-4669-BAB1-3CAF0EF93EF1}"
EndProject
Project("{FAE04EC0-301F-11D3-BF4B-00C04F79EFBC}") = "Tatuaz.Shared.Infrastructure.Abstractions", "libs\Tatuaz.Shared.Infrastructure.Abstractions\Tatuaz.Shared.Infrastructure.Abstractions.csproj", "{C7E0142D-6C12-48A0-A82A-710022CB2750}"
EndProject
Project("{FAE04EC0-301F-11D3-BF4B-00C04F79EFBC}") = "Tatuaz.Shared.Domain.Entities", "libs\Tatuaz.Shared.Domain.Entities\Tatuaz.Shared.Domain.Entities.csproj", "{DDC60FB3-5B6E-4E2D-AF36-D3D8A5C6E9C8}"
EndProject
Project("{FAE04EC0-301F-11D3-BF4B-00C04F79EFBC}") = "Tatuaz.Shared.Domain.Entities.Test", "libs\Tatuaz.Shared.Domain.Entities.Test\Tatuaz.Shared.Domain.Entities.Test.csproj", "{98EC992E-9541-4049-B83E-4F20B8A10632}"
EndProject
Project("{FAE04EC0-301F-11D3-BF4B-00C04F79EFBC}") = "Tatuaz.Shared.Domain.Entities.Hist", "libs\Tatuaz.Shared.Domain.Entities.Hist\Tatuaz.Shared.Domain.Entities.Hist.csproj", "{5E9D7D78-CC90-45F2-B77D-61EBF75E4EF9}"
EndProject
Project("{FAE04EC0-301F-11D3-BF4B-00C04F79EFBC}") = "Tatuaz.Testing.Helpers", "libs\Tatuaz.Testing.Helpers\Tatuaz.Testing.Helpers.csproj", "{2517F937-F5ED-471B-A53A-5EC3B2A7DE03}"
EndProject
Project("{FAE04EC0-301F-11D3-BF4B-00C04F79EFBC}") = "Tatuaz.History", "apps\Tatuaz.History\Tatuaz.History.csproj", "{58CB192A-6531-4BAD-8F5D-40E144812299}"
EndProject
Project("{FAE04EC0-301F-11D3-BF4B-00C04F79EFBC}") = "Tatuaz.History.Test", "apps\Tatuaz.History.Test\Tatuaz.History.Test.csproj", "{9FA65BE1-83C8-4D4A-8E5E-560246951BBB}"
EndProject
Project("{FAE04EC0-301F-11D3-BF4B-00C04F79EFBC}") = "Tatuaz.History.Queue", "libs\Tatuaz.History.Queue\Tatuaz.History.Queue.csproj", "{36AB9363-BD44-41E9-856E-0813A4CFED46}"
EndProject
Project("{FAE04EC0-301F-11D3-BF4B-00C04F79EFBC}") = "Tatuaz.History.Queue.Test", "libs\Tatuaz.History.Queue.Test\Tatuaz.History.Queue.Test.csproj", "{82A9D33E-22D0-4694-BFD8-C79B9C3F4145}"
EndProject
Project("{FAE04EC0-301F-11D3-BF4B-00C04F79EFBC}") = "Tatuaz.Convention.Test", "libs\Tatuaz.Convention.Test\Tatuaz.Convention.Test.csproj", "{65B6F123-4D12-4731-9926-C728686886BD}"
EndProject
Project("{FAE04EC0-301F-11D3-BF4B-00C04F79EFBC}") = "Tatuaz.Testing.Mocks", "libs\Tatuaz.Testing.Mocks\Tatuaz.Testing.Mocks.csproj", "{5F9BD548-E766-4609-9FCB-098E597E7248}"
EndProject
Project("{FAE04EC0-301F-11D3-BF4B-00C04F79EFBC}") = "Tatuaz.History.Infrastructure", "libs\Tatuaz.History.Infrastructure\Tatuaz.History.Infrastructure.csproj", "{AC3F9B61-B454-4976-8327-99B2DAE52BF9}"
EndProject
Project("{FAE04EC0-301F-11D3-BF4B-00C04F79EFBC}") = "Tatuaz.History.Infrastructure.Test", "libs\Tatuaz.History.Infrastructure.Test\Tatuaz.History.Infrastructure.Test.csproj", "{58C7634C-A1F9-4350-A05F-2D69FC3D3428}"
EndProject
Project("{FAE04EC0-301F-11D3-BF4B-00C04F79EFBC}") = "Tatuaz.Shared.Helpers", "libs\Tatuaz.Shared.Helpers\Tatuaz.Shared.Helpers.csproj", "{501DA862-4458-4278-AF5A-719ADA61AC22}"
EndProject
Project("{FAE04EC0-301F-11D3-BF4B-00C04F79EFBC}") = "Tatuaz.Shared.Domain.Entities.Fakers", "libs\Tatuaz.Shared.Domain.Entities.Fakers\Tatuaz.Shared.Domain.Entities.Fakers.csproj", "{7657E1C8-A3A5-4F02-ADCB-D4D58C9A249E}"
EndProject
Project("{FAE04EC0-301F-11D3-BF4B-00C04F79EFBC}") = "Tatuaz.Shared.Domain.Entities.Hist.Fakers", "libs\Tatuaz.Shared.Domain.Entities.Hist.Fakers\Tatuaz.Shared.Domain.Entities.Hist.Fakers.csproj", "{9BCB96BD-5C1F-41F8-B530-A0865F0A3D2B}"
EndProject
Project("{FAE04EC0-301F-11D3-BF4B-00C04F79EFBC}") = "Tatuaz.Shared.Pipeline", "libs\Tatuaz.Shared.Pipeline\Tatuaz.Shared.Pipeline.csproj", "{517D1D26-B132-4552-A7A8-7BB69651AB6F}"
EndProject
Project("{FAE04EC0-301F-11D3-BF4B-00C04F79EFBC}") = "Tatuaz.Shared.Pipeline.Test", "libs\Tatuaz.Shared.Pipeline.Test\Tatuaz.Shared.Pipeline.Test.csproj", "{EF605A4D-452A-4AB6-BC68-78F926394903}"
EndProject
Project("{FAE04EC0-301F-11D3-BF4B-00C04F79EFBC}") = "Tatuaz.Gateway.Handlers", "libs\Tatuaz.Gateway.Handlers\Tatuaz.Gateway.Handlers.csproj", "{E39404A1-602B-424E-9C60-2AC1B5736044}"
EndProject
Project("{FAE04EC0-301F-11D3-BF4B-00C04F79EFBC}") = "Tatuaz.Gateway.Handlers.Test", "libs\Tatuaz.Gateway.Handlers.Test\Tatuaz.Gateway.Handlers.Test.csproj", "{580E7899-9731-43DC-9778-10451940393D}"
EndProject
Project("{FAE04EC0-301F-11D3-BF4B-00C04F79EFBC}") = "Tatuaz.Gateway.Requests", "libs\Tatuaz.Gateway.Requests\Tatuaz.Gateway.Requests.csproj", "{A7C6A9AA-985F-4C61-B251-F6C670D797CA}"
EndProject
Project("{FAE04EC0-301F-11D3-BF4B-00C04F79EFBC}") = "Tatuaz.Gateway.Requests.Test", "libs\Tatuaz.Gateway.Requests.Test\Tatuaz.Gateway.Requests.Test.csproj", "{7134F2C5-36F6-4183-9427-9483A9EC08F3}"
EndProject
Project("{FAE04EC0-301F-11D3-BF4B-00C04F79EFBC}") = "Tatuaz.Shared.Domain.Dtos", "libs\Tatuaz.Shared.Domain.Dtos\Tatuaz.Shared.Domain.Dtos.csproj", "{BB65C5C5-919D-4756-80DE-558769229225}"
EndProject
Project("{FAE04EC0-301F-11D3-BF4B-00C04F79EFBC}") = "Tatuaz.Shared.Domain.Dtos.Test", "libs\Tatuaz.Shared.Domain.Dtos.Test\Tatuaz.Shared.Domain.Dtos.Test.csproj", "{53463D05-0E49-45BB-AB19-CBBC6AA96251}"
EndProject
Project("{FAE04EC0-301F-11D3-BF4B-00C04F79EFBC}") = "Tatuaz.Shared.Domain.Dtos.Hist", "libs\Tatuaz.Shared.Domain.Dtos.Hist\Tatuaz.Shared.Domain.Dtos.Hist.csproj", "{90C47A09-8DC4-4029-8D48-FEED3F6FEBD0}"
EndProject
Project("{FAE04EC0-301F-11D3-BF4B-00C04F79EFBC}") = "Tatuaz.Shared.Domain.Dtos.Hist.Test", "libs\Tatuaz.Shared.Domain.Dtos.Hist.Test\Tatuaz.Shared.Domain.Dtos.Hist.Test.csproj", "{F887E99B-389C-4685-B741-1167E57F506F}"
EndProject
Project("{FAE04EC0-301F-11D3-BF4B-00C04F79EFBC}") = "Tatuaz.Shared.Domain.Dtos.Fakers", "libs\Tatuaz.Shared.Domain.Dtos.Fakers\Tatuaz.Shared.Domain.Dtos.Fakers.csproj", "{A68D027B-BDC6-4E21-8E01-9F4F87E11915}"
EndProject
Project("{FAE04EC0-301F-11D3-BF4B-00C04F79EFBC}") = "Tatuaz.Shared.Domain.Dtos.Hist.Fakers", "libs\Tatuaz.Shared.Domain.Dtos.Hist.Fakers\Tatuaz.Shared.Domain.Dtos.Hist.Fakers.csproj", "{6F887F60-61D9-4A35-A9D8-FBF1185CA332}"
EndProject
Project("{2150E333-8FDC-42A3-9474-1A3956D46DE8}") = "shared", "shared", "{2183BDAD-B3F3-4D9E-A33E-24667072C334}"
EndProject
Project("{2150E333-8FDC-42A3-9474-1A3956D46DE8}") = "gateway", "gateway", "{05D47450-B9E0-4EB5-A0E3-DA1406A0423D}"
EndProject
Project("{2150E333-8FDC-42A3-9474-1A3956D46DE8}") = "history", "history", "{1902EF59-830C-4E52-904F-5024C0E1972C}"
EndProject
Project("{2150E333-8FDC-42A3-9474-1A3956D46DE8}") = "test", "test", "{81185566-099F-4EE8-B6A9-D55987B0461A}"
EndProject
Project("{FAE04EC0-301F-11D3-BF4B-00C04F79EFBC}") = "Tatuaz.Dashboard", "apps\Tatuaz.Dashboard\Tatuaz.Dashboard.csproj", "{3CACBC2F-EF99-4669-AAEB-E93DE3D8F812}"
EndProject
Project("{FAE04EC0-301F-11D3-BF4B-00C04F79EFBC}") = "Tatuaz.Dashboard.Test", "apps\Tatuaz.Dashboard.Test\Tatuaz.Dashboard.Test.csproj", "{CF816D0F-C8B9-4483-AD2B-582C57B2DF81}"
EndProject
Project("{FAE04EC0-301F-11D3-BF4B-00C04F79EFBC}") = "Tatuaz.Dashboard.Queue", "libs\Tatuaz.Dashboard.Queue\Tatuaz.Dashboard.Queue.csproj", "{D2E18444-ED52-414B-BDEE-0AA177AA278C}"
EndProject
Project("{FAE04EC0-301F-11D3-BF4B-00C04F79EFBC}") = "Tatuaz.Dashboard.Queue.Test", "libs\Tatuaz.Dashboard.Queue.Test\Tatuaz.Dashboard.Queue.Test.csproj", "{44957C33-9D61-4BF3-9ACB-6FE64323D343}"
EndProject
Project("{2150E333-8FDC-42A3-9474-1A3956D46DE8}") = "dashboard", "dashboard", "{387AED1A-4214-4C82-93C7-442F3D9EF842}"
EndProject
Project("{FAE04EC0-301F-11D3-BF4B-00C04F79EFBC}") = "Tatuaz.Scheduler", "apps\Tatuaz.Scheduler\Tatuaz.Scheduler.csproj", "{74388431-7FBD-459E-8A4C-77D5CD95E8C8}"
EndProject
Project("{FAE04EC0-301F-11D3-BF4B-00C04F79EFBC}") = "Tatuaz.Scheduler.Test", "apps\Tatuaz.Scheduler.Test\Tatuaz.Scheduler.Test.csproj", "{6B84B20D-86DB-428D-B4DC-AED9E5C5344D}"
EndProject
Project("{FAE04EC0-301F-11D3-BF4B-00C04F79EFBC}") = "Tatuaz.Shared.Services", "libs\Tatuaz.Shared.Services\Tatuaz.Shared.Services.csproj", "{04C76BFA-7D14-40A4-AD69-EC2FF5D2A4BC}"
EndProject
Project("{FAE04EC0-301F-11D3-BF4B-00C04F79EFBC}") = "Tatuaz.Shared.Services.Test", "libs\Tatuaz.Shared.Services.Test\Tatuaz.Shared.Services.Test.csproj", "{574FAF58-A9C4-4FD4-8930-9F1449552A6C}"
EndProject
Project("{FAE04EC0-301F-11D3-BF4B-00C04F79EFBC}") = "Tatuaz.Scheduler.Jobs", "libs\Tatuaz.Scheduler.Jobs\Tatuaz.Scheduler.Jobs.csproj", "{5F94AEE7-E858-40B7-B0BB-A4339D7312D9}"
EndProject
Project("{FAE04EC0-301F-11D3-BF4B-00C04F79EFBC}") = "Tatuaz.Scheduler.Jobs.Test", "libs\Tatuaz.Scheduler.Jobs.Test\Tatuaz.Scheduler.Jobs.Test.csproj", "{60CB8FFC-137D-4CED-AB32-73E3DE44F14C}"
EndProject
Project("{2150E333-8FDC-42A3-9474-1A3956D46DE8}") = "scheduler", "scheduler", "{3F199B66-51E8-4C50-B673-1373B1E7F494}"
EndProject
Project("{FAE04EC0-301F-11D3-BF4B-00C04F79EFBC}") = "Tatuaz.Dashboard.Emails", "libs\Tatuaz.Dashboard.Emails\Tatuaz.Dashboard.Emails.csproj", "{2D2C4704-3DF7-43CA-A767-E8F0CCA6E599}"
EndProject
Project("{FAE04EC0-301F-11D3-BF4B-00C04F79EFBC}") = "Tatuaz.Dashboard.Emails.Test", "libs\Tatuaz.Dashboard.Emails.Test\Tatuaz.Dashboard.Emails.Test.csproj", "{7A078E7F-D38B-47F9-A0C1-821DACAF0AD8}"
EndProject
Project("{FAE04EC0-301F-11D3-BF4B-00C04F79EFBC}") = "Tatuaz.Scheduler.Queue", "libs\Tatuaz.Scheduler.Queue\Tatuaz.Scheduler.Queue.csproj", "{1A48EDE0-7B73-4324-9704-5BFDA4FF6129}"
EndProject
Project("{FAE04EC0-301F-11D3-BF4B-00C04F79EFBC}") = "Tatuaz.Scheduler.Queue.Test", "libs\Tatuaz.Scheduler.Queue.Test\Tatuaz.Scheduler.Queue.Test.csproj", "{9CDE4157-54AE-490F-9A5A-4A237A7D23CA}"
EndProject
Global
	GlobalSection(SolutionConfigurationPlatforms) = preSolution
		Debug|Any CPU = Debug|Any CPU
		Release|Any CPU = Release|Any CPU
	EndGlobalSection
	GlobalSection(SolutionProperties) = preSolution
		HideSolutionNode = FALSE
	EndGlobalSection
	GlobalSection(ProjectConfigurationPlatforms) = postSolution
		{37CC9BB0-DEB1-4DAE-AA33-9B20C716D50E}.Debug|Any CPU.ActiveCfg = Debug|Any CPU
		{37CC9BB0-DEB1-4DAE-AA33-9B20C716D50E}.Debug|Any CPU.Build.0 = Debug|Any CPU
		{37CC9BB0-DEB1-4DAE-AA33-9B20C716D50E}.Release|Any CPU.ActiveCfg = Release|Any CPU
		{37CC9BB0-DEB1-4DAE-AA33-9B20C716D50E}.Release|Any CPU.Build.0 = Release|Any CPU
		{CF70446A-D1A1-49B8-A207-51A53EB6FECD}.Debug|Any CPU.ActiveCfg = Debug|Any CPU
		{CF70446A-D1A1-49B8-A207-51A53EB6FECD}.Debug|Any CPU.Build.0 = Debug|Any CPU
		{CF70446A-D1A1-49B8-A207-51A53EB6FECD}.Release|Any CPU.ActiveCfg = Release|Any CPU
		{CF70446A-D1A1-49B8-A207-51A53EB6FECD}.Release|Any CPU.Build.0 = Release|Any CPU
		{F2B18335-5186-425A-AA82-8BFBF71D3BE2}.Debug|Any CPU.ActiveCfg = Debug|Any CPU
		{F2B18335-5186-425A-AA82-8BFBF71D3BE2}.Debug|Any CPU.Build.0 = Debug|Any CPU
		{F2B18335-5186-425A-AA82-8BFBF71D3BE2}.Release|Any CPU.ActiveCfg = Release|Any CPU
		{F2B18335-5186-425A-AA82-8BFBF71D3BE2}.Release|Any CPU.Build.0 = Release|Any CPU
		{EC3E3A57-3D58-4669-BAB1-3CAF0EF93EF1}.Debug|Any CPU.ActiveCfg = Debug|Any CPU
		{EC3E3A57-3D58-4669-BAB1-3CAF0EF93EF1}.Debug|Any CPU.Build.0 = Debug|Any CPU
		{EC3E3A57-3D58-4669-BAB1-3CAF0EF93EF1}.Release|Any CPU.ActiveCfg = Release|Any CPU
		{EC3E3A57-3D58-4669-BAB1-3CAF0EF93EF1}.Release|Any CPU.Build.0 = Release|Any CPU
		{C7E0142D-6C12-48A0-A82A-710022CB2750}.Debug|Any CPU.ActiveCfg = Debug|Any CPU
		{C7E0142D-6C12-48A0-A82A-710022CB2750}.Debug|Any CPU.Build.0 = Debug|Any CPU
		{C7E0142D-6C12-48A0-A82A-710022CB2750}.Release|Any CPU.ActiveCfg = Release|Any CPU
		{C7E0142D-6C12-48A0-A82A-710022CB2750}.Release|Any CPU.Build.0 = Release|Any CPU
		{DDC60FB3-5B6E-4E2D-AF36-D3D8A5C6E9C8}.Debug|Any CPU.ActiveCfg = Debug|Any CPU
		{DDC60FB3-5B6E-4E2D-AF36-D3D8A5C6E9C8}.Debug|Any CPU.Build.0 = Debug|Any CPU
		{DDC60FB3-5B6E-4E2D-AF36-D3D8A5C6E9C8}.Release|Any CPU.ActiveCfg = Release|Any CPU
		{DDC60FB3-5B6E-4E2D-AF36-D3D8A5C6E9C8}.Release|Any CPU.Build.0 = Release|Any CPU
		{5E9D7D78-CC90-45F2-B77D-61EBF75E4EF9}.Debug|Any CPU.ActiveCfg = Debug|Any CPU
		{5E9D7D78-CC90-45F2-B77D-61EBF75E4EF9}.Debug|Any CPU.Build.0 = Debug|Any CPU
		{5E9D7D78-CC90-45F2-B77D-61EBF75E4EF9}.Release|Any CPU.ActiveCfg = Release|Any CPU
		{5E9D7D78-CC90-45F2-B77D-61EBF75E4EF9}.Release|Any CPU.Build.0 = Release|Any CPU
		{98EC992E-9541-4049-B83E-4F20B8A10632}.Debug|Any CPU.ActiveCfg = Debug|Any CPU
		{98EC992E-9541-4049-B83E-4F20B8A10632}.Debug|Any CPU.Build.0 = Debug|Any CPU
		{98EC992E-9541-4049-B83E-4F20B8A10632}.Release|Any CPU.ActiveCfg = Release|Any CPU
		{98EC992E-9541-4049-B83E-4F20B8A10632}.Release|Any CPU.Build.0 = Release|Any CPU
		{2517F937-F5ED-471B-A53A-5EC3B2A7DE03}.Debug|Any CPU.ActiveCfg = Debug|Any CPU
		{2517F937-F5ED-471B-A53A-5EC3B2A7DE03}.Debug|Any CPU.Build.0 = Debug|Any CPU
		{2517F937-F5ED-471B-A53A-5EC3B2A7DE03}.Release|Any CPU.ActiveCfg = Release|Any CPU
		{2517F937-F5ED-471B-A53A-5EC3B2A7DE03}.Release|Any CPU.Build.0 = Release|Any CPU
		{58CB192A-6531-4BAD-8F5D-40E144812299}.Debug|Any CPU.ActiveCfg = Debug|Any CPU
		{58CB192A-6531-4BAD-8F5D-40E144812299}.Debug|Any CPU.Build.0 = Debug|Any CPU
		{58CB192A-6531-4BAD-8F5D-40E144812299}.Release|Any CPU.ActiveCfg = Release|Any CPU
		{58CB192A-6531-4BAD-8F5D-40E144812299}.Release|Any CPU.Build.0 = Release|Any CPU
		{9FA65BE1-83C8-4D4A-8E5E-560246951BBB}.Debug|Any CPU.ActiveCfg = Debug|Any CPU
		{9FA65BE1-83C8-4D4A-8E5E-560246951BBB}.Debug|Any CPU.Build.0 = Debug|Any CPU
		{9FA65BE1-83C8-4D4A-8E5E-560246951BBB}.Release|Any CPU.ActiveCfg = Release|Any CPU
		{9FA65BE1-83C8-4D4A-8E5E-560246951BBB}.Release|Any CPU.Build.0 = Release|Any CPU
		{36AB9363-BD44-41E9-856E-0813A4CFED46}.Debug|Any CPU.ActiveCfg = Debug|Any CPU
		{36AB9363-BD44-41E9-856E-0813A4CFED46}.Debug|Any CPU.Build.0 = Debug|Any CPU
		{36AB9363-BD44-41E9-856E-0813A4CFED46}.Release|Any CPU.ActiveCfg = Release|Any CPU
		{36AB9363-BD44-41E9-856E-0813A4CFED46}.Release|Any CPU.Build.0 = Release|Any CPU
		{82A9D33E-22D0-4694-BFD8-C79B9C3F4145}.Debug|Any CPU.ActiveCfg = Debug|Any CPU
		{82A9D33E-22D0-4694-BFD8-C79B9C3F4145}.Debug|Any CPU.Build.0 = Debug|Any CPU
		{82A9D33E-22D0-4694-BFD8-C79B9C3F4145}.Release|Any CPU.ActiveCfg = Release|Any CPU
		{82A9D33E-22D0-4694-BFD8-C79B9C3F4145}.Release|Any CPU.Build.0 = Release|Any CPU
		{65B6F123-4D12-4731-9926-C728686886BD}.Debug|Any CPU.ActiveCfg = Debug|Any CPU
		{65B6F123-4D12-4731-9926-C728686886BD}.Debug|Any CPU.Build.0 = Debug|Any CPU
		{65B6F123-4D12-4731-9926-C728686886BD}.Release|Any CPU.ActiveCfg = Release|Any CPU
		{65B6F123-4D12-4731-9926-C728686886BD}.Release|Any CPU.Build.0 = Release|Any CPU
		{5F9BD548-E766-4609-9FCB-098E597E7248}.Debug|Any CPU.ActiveCfg = Debug|Any CPU
		{5F9BD548-E766-4609-9FCB-098E597E7248}.Debug|Any CPU.Build.0 = Debug|Any CPU
		{5F9BD548-E766-4609-9FCB-098E597E7248}.Release|Any CPU.ActiveCfg = Release|Any CPU
		{5F9BD548-E766-4609-9FCB-098E597E7248}.Release|Any CPU.Build.0 = Release|Any CPU
		{AC3F9B61-B454-4976-8327-99B2DAE52BF9}.Debug|Any CPU.ActiveCfg = Debug|Any CPU
		{AC3F9B61-B454-4976-8327-99B2DAE52BF9}.Debug|Any CPU.Build.0 = Debug|Any CPU
		{AC3F9B61-B454-4976-8327-99B2DAE52BF9}.Release|Any CPU.ActiveCfg = Release|Any CPU
		{AC3F9B61-B454-4976-8327-99B2DAE52BF9}.Release|Any CPU.Build.0 = Release|Any CPU
		{58C7634C-A1F9-4350-A05F-2D69FC3D3428}.Debug|Any CPU.ActiveCfg = Debug|Any CPU
		{58C7634C-A1F9-4350-A05F-2D69FC3D3428}.Debug|Any CPU.Build.0 = Debug|Any CPU
		{58C7634C-A1F9-4350-A05F-2D69FC3D3428}.Release|Any CPU.ActiveCfg = Release|Any CPU
		{58C7634C-A1F9-4350-A05F-2D69FC3D3428}.Release|Any CPU.Build.0 = Release|Any CPU
		{501DA862-4458-4278-AF5A-719ADA61AC22}.Debug|Any CPU.ActiveCfg = Debug|Any CPU
		{501DA862-4458-4278-AF5A-719ADA61AC22}.Debug|Any CPU.Build.0 = Debug|Any CPU
		{501DA862-4458-4278-AF5A-719ADA61AC22}.Release|Any CPU.ActiveCfg = Release|Any CPU
		{501DA862-4458-4278-AF5A-719ADA61AC22}.Release|Any CPU.Build.0 = Release|Any CPU
		{7657E1C8-A3A5-4F02-ADCB-D4D58C9A249E}.Debug|Any CPU.ActiveCfg = Debug|Any CPU
		{7657E1C8-A3A5-4F02-ADCB-D4D58C9A249E}.Debug|Any CPU.Build.0 = Debug|Any CPU
		{7657E1C8-A3A5-4F02-ADCB-D4D58C9A249E}.Release|Any CPU.ActiveCfg = Release|Any CPU
		{7657E1C8-A3A5-4F02-ADCB-D4D58C9A249E}.Release|Any CPU.Build.0 = Release|Any CPU
		{9BCB96BD-5C1F-41F8-B530-A0865F0A3D2B}.Debug|Any CPU.ActiveCfg = Debug|Any CPU
		{9BCB96BD-5C1F-41F8-B530-A0865F0A3D2B}.Debug|Any CPU.Build.0 = Debug|Any CPU
		{9BCB96BD-5C1F-41F8-B530-A0865F0A3D2B}.Release|Any CPU.ActiveCfg = Release|Any CPU
		{9BCB96BD-5C1F-41F8-B530-A0865F0A3D2B}.Release|Any CPU.Build.0 = Release|Any CPU
		{517D1D26-B132-4552-A7A8-7BB69651AB6F}.Debug|Any CPU.ActiveCfg = Debug|Any CPU
		{517D1D26-B132-4552-A7A8-7BB69651AB6F}.Debug|Any CPU.Build.0 = Debug|Any CPU
		{517D1D26-B132-4552-A7A8-7BB69651AB6F}.Release|Any CPU.ActiveCfg = Release|Any CPU
		{517D1D26-B132-4552-A7A8-7BB69651AB6F}.Release|Any CPU.Build.0 = Release|Any CPU
		{EF605A4D-452A-4AB6-BC68-78F926394903}.Debug|Any CPU.ActiveCfg = Debug|Any CPU
		{EF605A4D-452A-4AB6-BC68-78F926394903}.Debug|Any CPU.Build.0 = Debug|Any CPU
		{EF605A4D-452A-4AB6-BC68-78F926394903}.Release|Any CPU.ActiveCfg = Release|Any CPU
		{EF605A4D-452A-4AB6-BC68-78F926394903}.Release|Any CPU.Build.0 = Release|Any CPU
		{E39404A1-602B-424E-9C60-2AC1B5736044}.Debug|Any CPU.ActiveCfg = Debug|Any CPU
		{E39404A1-602B-424E-9C60-2AC1B5736044}.Debug|Any CPU.Build.0 = Debug|Any CPU
		{E39404A1-602B-424E-9C60-2AC1B5736044}.Release|Any CPU.ActiveCfg = Release|Any CPU
		{E39404A1-602B-424E-9C60-2AC1B5736044}.Release|Any CPU.Build.0 = Release|Any CPU
		{580E7899-9731-43DC-9778-10451940393D}.Debug|Any CPU.ActiveCfg = Debug|Any CPU
		{580E7899-9731-43DC-9778-10451940393D}.Debug|Any CPU.Build.0 = Debug|Any CPU
		{580E7899-9731-43DC-9778-10451940393D}.Release|Any CPU.ActiveCfg = Release|Any CPU
		{580E7899-9731-43DC-9778-10451940393D}.Release|Any CPU.Build.0 = Release|Any CPU
		{A7C6A9AA-985F-4C61-B251-F6C670D797CA}.Debug|Any CPU.ActiveCfg = Debug|Any CPU
		{A7C6A9AA-985F-4C61-B251-F6C670D797CA}.Debug|Any CPU.Build.0 = Debug|Any CPU
		{A7C6A9AA-985F-4C61-B251-F6C670D797CA}.Release|Any CPU.ActiveCfg = Release|Any CPU
		{A7C6A9AA-985F-4C61-B251-F6C670D797CA}.Release|Any CPU.Build.0 = Release|Any CPU
		{7134F2C5-36F6-4183-9427-9483A9EC08F3}.Debug|Any CPU.ActiveCfg = Debug|Any CPU
		{7134F2C5-36F6-4183-9427-9483A9EC08F3}.Debug|Any CPU.Build.0 = Debug|Any CPU
		{7134F2C5-36F6-4183-9427-9483A9EC08F3}.Release|Any CPU.ActiveCfg = Release|Any CPU
		{7134F2C5-36F6-4183-9427-9483A9EC08F3}.Release|Any CPU.Build.0 = Release|Any CPU
		{BB65C5C5-919D-4756-80DE-558769229225}.Debug|Any CPU.ActiveCfg = Debug|Any CPU
		{BB65C5C5-919D-4756-80DE-558769229225}.Debug|Any CPU.Build.0 = Debug|Any CPU
		{BB65C5C5-919D-4756-80DE-558769229225}.Release|Any CPU.ActiveCfg = Release|Any CPU
		{BB65C5C5-919D-4756-80DE-558769229225}.Release|Any CPU.Build.0 = Release|Any CPU
		{53463D05-0E49-45BB-AB19-CBBC6AA96251}.Debug|Any CPU.ActiveCfg = Debug|Any CPU
		{53463D05-0E49-45BB-AB19-CBBC6AA96251}.Debug|Any CPU.Build.0 = Debug|Any CPU
		{53463D05-0E49-45BB-AB19-CBBC6AA96251}.Release|Any CPU.ActiveCfg = Release|Any CPU
		{53463D05-0E49-45BB-AB19-CBBC6AA96251}.Release|Any CPU.Build.0 = Release|Any CPU
		{90C47A09-8DC4-4029-8D48-FEED3F6FEBD0}.Debug|Any CPU.ActiveCfg = Debug|Any CPU
		{90C47A09-8DC4-4029-8D48-FEED3F6FEBD0}.Debug|Any CPU.Build.0 = Debug|Any CPU
		{90C47A09-8DC4-4029-8D48-FEED3F6FEBD0}.Release|Any CPU.ActiveCfg = Release|Any CPU
		{90C47A09-8DC4-4029-8D48-FEED3F6FEBD0}.Release|Any CPU.Build.0 = Release|Any CPU
		{F887E99B-389C-4685-B741-1167E57F506F}.Debug|Any CPU.ActiveCfg = Debug|Any CPU
		{F887E99B-389C-4685-B741-1167E57F506F}.Debug|Any CPU.Build.0 = Debug|Any CPU
		{F887E99B-389C-4685-B741-1167E57F506F}.Release|Any CPU.ActiveCfg = Release|Any CPU
		{F887E99B-389C-4685-B741-1167E57F506F}.Release|Any CPU.Build.0 = Release|Any CPU
		{A68D027B-BDC6-4E21-8E01-9F4F87E11915}.Debug|Any CPU.ActiveCfg = Debug|Any CPU
		{A68D027B-BDC6-4E21-8E01-9F4F87E11915}.Debug|Any CPU.Build.0 = Debug|Any CPU
		{A68D027B-BDC6-4E21-8E01-9F4F87E11915}.Release|Any CPU.ActiveCfg = Release|Any CPU
		{A68D027B-BDC6-4E21-8E01-9F4F87E11915}.Release|Any CPU.Build.0 = Release|Any CPU
		{6F887F60-61D9-4A35-A9D8-FBF1185CA332}.Debug|Any CPU.ActiveCfg = Debug|Any CPU
		{6F887F60-61D9-4A35-A9D8-FBF1185CA332}.Debug|Any CPU.Build.0 = Debug|Any CPU
		{6F887F60-61D9-4A35-A9D8-FBF1185CA332}.Release|Any CPU.ActiveCfg = Release|Any CPU
		{6F887F60-61D9-4A35-A9D8-FBF1185CA332}.Release|Any CPU.Build.0 = Release|Any CPU
		{3CACBC2F-EF99-4669-AAEB-E93DE3D8F812}.Debug|Any CPU.ActiveCfg = Debug|Any CPU
		{3CACBC2F-EF99-4669-AAEB-E93DE3D8F812}.Debug|Any CPU.Build.0 = Debug|Any CPU
		{3CACBC2F-EF99-4669-AAEB-E93DE3D8F812}.Release|Any CPU.ActiveCfg = Release|Any CPU
		{3CACBC2F-EF99-4669-AAEB-E93DE3D8F812}.Release|Any CPU.Build.0 = Release|Any CPU
		{CF816D0F-C8B9-4483-AD2B-582C57B2DF81}.Debug|Any CPU.ActiveCfg = Debug|Any CPU
		{CF816D0F-C8B9-4483-AD2B-582C57B2DF81}.Debug|Any CPU.Build.0 = Debug|Any CPU
		{CF816D0F-C8B9-4483-AD2B-582C57B2DF81}.Release|Any CPU.ActiveCfg = Release|Any CPU
		{CF816D0F-C8B9-4483-AD2B-582C57B2DF81}.Release|Any CPU.Build.0 = Release|Any CPU
		{D2E18444-ED52-414B-BDEE-0AA177AA278C}.Debug|Any CPU.ActiveCfg = Debug|Any CPU
		{D2E18444-ED52-414B-BDEE-0AA177AA278C}.Debug|Any CPU.Build.0 = Debug|Any CPU
		{D2E18444-ED52-414B-BDEE-0AA177AA278C}.Release|Any CPU.ActiveCfg = Release|Any CPU
		{D2E18444-ED52-414B-BDEE-0AA177AA278C}.Release|Any CPU.Build.0 = Release|Any CPU
		{44957C33-9D61-4BF3-9ACB-6FE64323D343}.Debug|Any CPU.ActiveCfg = Debug|Any CPU
		{44957C33-9D61-4BF3-9ACB-6FE64323D343}.Debug|Any CPU.Build.0 = Debug|Any CPU
		{44957C33-9D61-4BF3-9ACB-6FE64323D343}.Release|Any CPU.ActiveCfg = Release|Any CPU
		{44957C33-9D61-4BF3-9ACB-6FE64323D343}.Release|Any CPU.Build.0 = Release|Any CPU
		{04C76BFA-7D14-40A4-AD69-EC2FF5D2A4BC}.Debug|Any CPU.ActiveCfg = Debug|Any CPU
		{04C76BFA-7D14-40A4-AD69-EC2FF5D2A4BC}.Debug|Any CPU.Build.0 = Debug|Any CPU
		{04C76BFA-7D14-40A4-AD69-EC2FF5D2A4BC}.Release|Any CPU.ActiveCfg = Release|Any CPU
		{04C76BFA-7D14-40A4-AD69-EC2FF5D2A4BC}.Release|Any CPU.Build.0 = Release|Any CPU
		{574FAF58-A9C4-4FD4-8930-9F1449552A6C}.Debug|Any CPU.ActiveCfg = Debug|Any CPU
		{574FAF58-A9C4-4FD4-8930-9F1449552A6C}.Debug|Any CPU.Build.0 = Debug|Any CPU
		{574FAF58-A9C4-4FD4-8930-9F1449552A6C}.Release|Any CPU.ActiveCfg = Release|Any CPU
		{574FAF58-A9C4-4FD4-8930-9F1449552A6C}.Release|Any CPU.Build.0 = Release|Any CPU
		{74388431-7FBD-459E-8A4C-77D5CD95E8C8}.Debug|Any CPU.ActiveCfg = Debug|Any CPU
		{74388431-7FBD-459E-8A4C-77D5CD95E8C8}.Debug|Any CPU.Build.0 = Debug|Any CPU
		{74388431-7FBD-459E-8A4C-77D5CD95E8C8}.Release|Any CPU.ActiveCfg = Release|Any CPU
		{74388431-7FBD-459E-8A4C-77D5CD95E8C8}.Release|Any CPU.Build.0 = Release|Any CPU
		{6B84B20D-86DB-428D-B4DC-AED9E5C5344D}.Debug|Any CPU.ActiveCfg = Debug|Any CPU
		{6B84B20D-86DB-428D-B4DC-AED9E5C5344D}.Debug|Any CPU.Build.0 = Debug|Any CPU
		{6B84B20D-86DB-428D-B4DC-AED9E5C5344D}.Release|Any CPU.ActiveCfg = Release|Any CPU
		{6B84B20D-86DB-428D-B4DC-AED9E5C5344D}.Release|Any CPU.Build.0 = Release|Any CPU
		{5F94AEE7-E858-40B7-B0BB-A4339D7312D9}.Debug|Any CPU.ActiveCfg = Debug|Any CPU
		{5F94AEE7-E858-40B7-B0BB-A4339D7312D9}.Debug|Any CPU.Build.0 = Debug|Any CPU
		{5F94AEE7-E858-40B7-B0BB-A4339D7312D9}.Release|Any CPU.ActiveCfg = Release|Any CPU
		{5F94AEE7-E858-40B7-B0BB-A4339D7312D9}.Release|Any CPU.Build.0 = Release|Any CPU
		{60CB8FFC-137D-4CED-AB32-73E3DE44F14C}.Debug|Any CPU.ActiveCfg = Debug|Any CPU
		{60CB8FFC-137D-4CED-AB32-73E3DE44F14C}.Debug|Any CPU.Build.0 = Debug|Any CPU
		{60CB8FFC-137D-4CED-AB32-73E3DE44F14C}.Release|Any CPU.ActiveCfg = Release|Any CPU
		{60CB8FFC-137D-4CED-AB32-73E3DE44F14C}.Release|Any CPU.Build.0 = Release|Any CPU
		{2D2C4704-3DF7-43CA-A767-E8F0CCA6E599}.Debug|Any CPU.ActiveCfg = Debug|Any CPU
		{2D2C4704-3DF7-43CA-A767-E8F0CCA6E599}.Debug|Any CPU.Build.0 = Debug|Any CPU
		{2D2C4704-3DF7-43CA-A767-E8F0CCA6E599}.Release|Any CPU.ActiveCfg = Release|Any CPU
		{2D2C4704-3DF7-43CA-A767-E8F0CCA6E599}.Release|Any CPU.Build.0 = Release|Any CPU
		{7A078E7F-D38B-47F9-A0C1-821DACAF0AD8}.Debug|Any CPU.ActiveCfg = Debug|Any CPU
		{7A078E7F-D38B-47F9-A0C1-821DACAF0AD8}.Debug|Any CPU.Build.0 = Debug|Any CPU
		{7A078E7F-D38B-47F9-A0C1-821DACAF0AD8}.Release|Any CPU.ActiveCfg = Release|Any CPU
		{7A078E7F-D38B-47F9-A0C1-821DACAF0AD8}.Release|Any CPU.Build.0 = Release|Any CPU
		{1A48EDE0-7B73-4324-9704-5BFDA4FF6129}.Debug|Any CPU.ActiveCfg = Debug|Any CPU
		{1A48EDE0-7B73-4324-9704-5BFDA4FF6129}.Debug|Any CPU.Build.0 = Debug|Any CPU
		{1A48EDE0-7B73-4324-9704-5BFDA4FF6129}.Release|Any CPU.ActiveCfg = Release|Any CPU
		{1A48EDE0-7B73-4324-9704-5BFDA4FF6129}.Release|Any CPU.Build.0 = Release|Any CPU
		{9CDE4157-54AE-490F-9A5A-4A237A7D23CA}.Debug|Any CPU.ActiveCfg = Debug|Any CPU
		{9CDE4157-54AE-490F-9A5A-4A237A7D23CA}.Debug|Any CPU.Build.0 = Debug|Any CPU
		{9CDE4157-54AE-490F-9A5A-4A237A7D23CA}.Release|Any CPU.ActiveCfg = Release|Any CPU
		{9CDE4157-54AE-490F-9A5A-4A237A7D23CA}.Release|Any CPU.Build.0 = Release|Any CPU
	EndGlobalSection
	GlobalSection(NestedProjects) = preSolution
		{37CC9BB0-DEB1-4DAE-AA33-9B20C716D50E} = {25311259-92CF-4AA0-85FD-E7FE3579BBDA}
		{CF70446A-D1A1-49B8-A207-51A53EB6FECD} = {25311259-92CF-4AA0-85FD-E7FE3579BBDA}
		{58CB192A-6531-4BAD-8F5D-40E144812299} = {25311259-92CF-4AA0-85FD-E7FE3579BBDA}
		{9FA65BE1-83C8-4D4A-8E5E-560246951BBB} = {25311259-92CF-4AA0-85FD-E7FE3579BBDA}
		{2183BDAD-B3F3-4D9E-A33E-24667072C334} = {AD862DF1-C558-4DEA-88FB-6AA571991180}
		{05D47450-B9E0-4EB5-A0E3-DA1406A0423D} = {AD862DF1-C558-4DEA-88FB-6AA571991180}
		{1902EF59-830C-4E52-904F-5024C0E1972C} = {AD862DF1-C558-4DEA-88FB-6AA571991180}
		{81185566-099F-4EE8-B6A9-D55987B0461A} = {AD862DF1-C558-4DEA-88FB-6AA571991180}
		{65B6F123-4D12-4731-9926-C728686886BD} = {81185566-099F-4EE8-B6A9-D55987B0461A}
		{E39404A1-602B-424E-9C60-2AC1B5736044} = {05D47450-B9E0-4EB5-A0E3-DA1406A0423D}
		{580E7899-9731-43DC-9778-10451940393D} = {05D47450-B9E0-4EB5-A0E3-DA1406A0423D}
		{A7C6A9AA-985F-4C61-B251-F6C670D797CA} = {05D47450-B9E0-4EB5-A0E3-DA1406A0423D}
		{7134F2C5-36F6-4183-9427-9483A9EC08F3} = {05D47450-B9E0-4EB5-A0E3-DA1406A0423D}
		{AC3F9B61-B454-4976-8327-99B2DAE52BF9} = {1902EF59-830C-4E52-904F-5024C0E1972C}
		{58C7634C-A1F9-4350-A05F-2D69FC3D3428} = {1902EF59-830C-4E52-904F-5024C0E1972C}
		{36AB9363-BD44-41E9-856E-0813A4CFED46} = {1902EF59-830C-4E52-904F-5024C0E1972C}
		{82A9D33E-22D0-4694-BFD8-C79B9C3F4145} = {1902EF59-830C-4E52-904F-5024C0E1972C}
		{BB65C5C5-919D-4756-80DE-558769229225} = {2183BDAD-B3F3-4D9E-A33E-24667072C334}
		{A68D027B-BDC6-4E21-8E01-9F4F87E11915} = {2183BDAD-B3F3-4D9E-A33E-24667072C334}
		{90C47A09-8DC4-4029-8D48-FEED3F6FEBD0} = {2183BDAD-B3F3-4D9E-A33E-24667072C334}
		{6F887F60-61D9-4A35-A9D8-FBF1185CA332} = {2183BDAD-B3F3-4D9E-A33E-24667072C334}
		{F887E99B-389C-4685-B741-1167E57F506F} = {2183BDAD-B3F3-4D9E-A33E-24667072C334}
		{53463D05-0E49-45BB-AB19-CBBC6AA96251} = {2183BDAD-B3F3-4D9E-A33E-24667072C334}
		{DDC60FB3-5B6E-4E2D-AF36-D3D8A5C6E9C8} = {2183BDAD-B3F3-4D9E-A33E-24667072C334}
		{7657E1C8-A3A5-4F02-ADCB-D4D58C9A249E} = {2183BDAD-B3F3-4D9E-A33E-24667072C334}
		{5E9D7D78-CC90-45F2-B77D-61EBF75E4EF9} = {2183BDAD-B3F3-4D9E-A33E-24667072C334}
		{9BCB96BD-5C1F-41F8-B530-A0865F0A3D2B} = {2183BDAD-B3F3-4D9E-A33E-24667072C334}
		{98EC992E-9541-4049-B83E-4F20B8A10632} = {2183BDAD-B3F3-4D9E-A33E-24667072C334}
		{501DA862-4458-4278-AF5A-719ADA61AC22} = {2183BDAD-B3F3-4D9E-A33E-24667072C334}
		{F2B18335-5186-425A-AA82-8BFBF71D3BE2} = {2183BDAD-B3F3-4D9E-A33E-24667072C334}
		{C7E0142D-6C12-48A0-A82A-710022CB2750} = {2183BDAD-B3F3-4D9E-A33E-24667072C334}
		{EC3E3A57-3D58-4669-BAB1-3CAF0EF93EF1} = {2183BDAD-B3F3-4D9E-A33E-24667072C334}
		{517D1D26-B132-4552-A7A8-7BB69651AB6F} = {2183BDAD-B3F3-4D9E-A33E-24667072C334}
		{EF605A4D-452A-4AB6-BC68-78F926394903} = {2183BDAD-B3F3-4D9E-A33E-24667072C334}
		{2517F937-F5ED-471B-A53A-5EC3B2A7DE03} = {81185566-099F-4EE8-B6A9-D55987B0461A}
		{5F9BD548-E766-4609-9FCB-098E597E7248} = {81185566-099F-4EE8-B6A9-D55987B0461A}
		{3CACBC2F-EF99-4669-AAEB-E93DE3D8F812} = {25311259-92CF-4AA0-85FD-E7FE3579BBDA}
		{CF816D0F-C8B9-4483-AD2B-582C57B2DF81} = {25311259-92CF-4AA0-85FD-E7FE3579BBDA}
		{387AED1A-4214-4C82-93C7-442F3D9EF842} = {AD862DF1-C558-4DEA-88FB-6AA571991180}
		{D2E18444-ED52-414B-BDEE-0AA177AA278C} = {387AED1A-4214-4C82-93C7-442F3D9EF842}
		{44957C33-9D61-4BF3-9ACB-6FE64323D343} = {387AED1A-4214-4C82-93C7-442F3D9EF842}
		{04C76BFA-7D14-40A4-AD69-EC2FF5D2A4BC} = {2183BDAD-B3F3-4D9E-A33E-24667072C334}
		{574FAF58-A9C4-4FD4-8930-9F1449552A6C} = {2183BDAD-B3F3-4D9E-A33E-24667072C334}
		{74388431-7FBD-459E-8A4C-77D5CD95E8C8} = {25311259-92CF-4AA0-85FD-E7FE3579BBDA}
		{6B84B20D-86DB-428D-B4DC-AED9E5C5344D} = {25311259-92CF-4AA0-85FD-E7FE3579BBDA}
		{3F199B66-51E8-4C50-B673-1373B1E7F494} = {AD862DF1-C558-4DEA-88FB-6AA571991180}
		{5F94AEE7-E858-40B7-B0BB-A4339D7312D9} = {3F199B66-51E8-4C50-B673-1373B1E7F494}
		{60CB8FFC-137D-4CED-AB32-73E3DE44F14C} = {3F199B66-51E8-4C50-B673-1373B1E7F494}
		{2D2C4704-3DF7-43CA-A767-E8F0CCA6E599} = {387AED1A-4214-4C82-93C7-442F3D9EF842}
		{7A078E7F-D38B-47F9-A0C1-821DACAF0AD8} = {387AED1A-4214-4C82-93C7-442F3D9EF842}
		{1A48EDE0-7B73-4324-9704-5BFDA4FF6129} = {3F199B66-51E8-4C50-B673-1373B1E7F494}
		{9CDE4157-54AE-490F-9A5A-4A237A7D23CA} = {3F199B66-51E8-4C50-B673-1373B1E7F494}
	EndGlobalSection
EndGlobal
